// !$*UTF8*$!
{
	archiveVersion = 1;
	classes = {
	};
	objectVersion = 51;
	objects = {

/* Begin PBXBuildFile section */
		0B881E4CD577D833A69FA445 /* Pods_WeatherLikeHereTests.framework in Frameworks */ = {isa = PBXBuildFile; fileRef = 63B9E5F02BE98A62465ED050 /* Pods_WeatherLikeHereTests.framework */; };
		C52D46E0ABB2F435FC19EE11 /* Pods_WeatherLikeHere.framework in Frameworks */ = {isa = PBXBuildFile; fileRef = 05BAD9B46F7D6D48D23DF366 /* Pods_WeatherLikeHere.framework */; };
		DF647FFAB7E55246A1D98D6C /* Pods_WeatherLikeHere_WeatherLikeHereUITests.framework in Frameworks */ = {isa = PBXBuildFile; fileRef = 864A3AFE63D346AA90284491 /* Pods_WeatherLikeHere_WeatherLikeHereUITests.framework */; };
		FA34DDDF25A20C00004E1655 /* GoogleService-Info.plist in Resources */ = {isa = PBXBuildFile; fileRef = FA34DDDE25A20C00004E1655 /* GoogleService-Info.plist */; };
		FA417C9625A04B790074BCB3 /* AppDelegate.swift in Sources */ = {isa = PBXBuildFile; fileRef = FA417C9525A04B790074BCB3 /* AppDelegate.swift */; };
		FA417C9825A04B790074BCB3 /* SceneDelegate.swift in Sources */ = {isa = PBXBuildFile; fileRef = FA417C9725A04B790074BCB3 /* SceneDelegate.swift */; };
		FA417C9A25A04B790074BCB3 /* ViewController.swift in Sources */ = {isa = PBXBuildFile; fileRef = FA417C9925A04B790074BCB3 /* ViewController.swift */; };
		FA417C9D25A04B790074BCB3 /* Main.storyboard in Resources */ = {isa = PBXBuildFile; fileRef = FA417C9B25A04B790074BCB3 /* Main.storyboard */; };
		FA417CA025A04B790074BCB3 /* WeatherLikeHere.xcdatamodeld in Sources */ = {isa = PBXBuildFile; fileRef = FA417C9E25A04B790074BCB3 /* WeatherLikeHere.xcdatamodeld */; };
		FA417CA225A04B7C0074BCB3 /* Assets.xcassets in Resources */ = {isa = PBXBuildFile; fileRef = FA417CA125A04B7C0074BCB3 /* Assets.xcassets */; };
		FA417CA525A04B7C0074BCB3 /* LaunchScreen.storyboard in Resources */ = {isa = PBXBuildFile; fileRef = FA417CA325A04B7C0074BCB3 /* LaunchScreen.storyboard */; };
		FA417CB025A04B7C0074BCB3 /* WeatherLikeHereTests.swift in Sources */ = {isa = PBXBuildFile; fileRef = FA417CAF25A04B7C0074BCB3 /* WeatherLikeHereTests.swift */; };
		FA417CBB25A04B7C0074BCB3 /* WeatherLikeHereUITests.swift in Sources */ = {isa = PBXBuildFile; fileRef = FA417CBA25A04B7C0074BCB3 /* WeatherLikeHereUITests.swift */; };
		FA417CCC25A04FE40074BCB3 /* image 1.png in Resources */ = {isa = PBXBuildFile; fileRef = FA417CCB25A04FE40074BCB3 /* image 1.png */; };
		FA417CDA25A05E1A0074BCB3 /* Настройки.png in Resources */ = {isa = PBXBuildFile; fileRef = FA417CD925A05E1A0074BCB3 /* Настройки.png */; };
		FA417CE225A05FC10074BCB3 /* IMG_20200531_195331.jpg in Resources */ = {isa = PBXBuildFile; fileRef = FA417CE125A05FC10074BCB3 /* IMG_20200531_195331.jpg */; };
		FA417CE725A084C30074BCB3 /* Add button.png in Resources */ = {isa = PBXBuildFile; fileRef = FA417CE625A084C30074BCB3 /* Add button.png */; };
		FA97E1DD25A1C07300CDC4A0 /* Настройки2.png in Resources */ = {isa = PBXBuildFile; fileRef = FA97E1DC25A1C07300CDC4A0 /* Настройки2.png */; };
		FA97E1E225A1C0A300CDC4A0 /* Настройки3.png in Resources */ = {isa = PBXBuildFile; fileRef = FA97E1E125A1C0A300CDC4A0 /* Настройки3.png */; };
		FAF0057025C32AFD00F79AA6 /* Weather.swift in Sources */ = {isa = PBXBuildFile; fileRef = FAF0056E25C32AFC00F79AA6 /* Weather.swift */; };
		FAF0057125C32AFD00F79AA6 /* WeatherMain.swift in Sources */ = {isa = PBXBuildFile; fileRef = FAF0056F25C32AFD00F79AA6 /* WeatherMain.swift */; };
		FAF0057625C32B2E00F79AA6 /* RequestManager.swift in Sources */ = {isa = PBXBuildFile; fileRef = FAF0057525C32B2E00F79AA6 /* RequestManager.swift */; };
		FAF005BC25C4424300F79AA6 /* WeatherWeather.swift in Sources */ = {isa = PBXBuildFile; fileRef = FAF005BB25C4424300F79AA6 /* WeatherWeather.swift */; };
		FAF005E725DD9D0700F79AA6 /* SetupViewController.swift in Sources */ = {isa = PBXBuildFile; fileRef = FAF005E625DD9D0600F79AA6 /* SetupViewController.swift */; };
/* End PBXBuildFile section */

/* Begin PBXContainerItemProxy section */
		FA417CAC25A04B7C0074BCB3 /* PBXContainerItemProxy */ = {
			isa = PBXContainerItemProxy;
			containerPortal = FA417C8A25A04B790074BCB3 /* Project object */;
			proxyType = 1;
			remoteGlobalIDString = FA417C9125A04B790074BCB3;
			remoteInfo = WeatherLikeHere;
		};
		FA417CB725A04B7C0074BCB3 /* PBXContainerItemProxy */ = {
			isa = PBXContainerItemProxy;
			containerPortal = FA417C8A25A04B790074BCB3 /* Project object */;
			proxyType = 1;
			remoteGlobalIDString = FA417C9125A04B790074BCB3;
			remoteInfo = WeatherLikeHere;
		};
/* End PBXContainerItemProxy section */

/* Begin PBXFileReference section */
		05BAD9B46F7D6D48D23DF366 /* Pods_WeatherLikeHere.framework */ = {isa = PBXFileReference; explicitFileType = wrapper.framework; includeInIndex = 0; path = Pods_WeatherLikeHere.framework; sourceTree = BUILT_PRODUCTS_DIR; };
		0A639099746FE407C86B4537 /* Pods-WeatherLikeHereTests.release.xcconfig */ = {isa = PBXFileReference; includeInIndex = 1; lastKnownFileType = text.xcconfig; name = "Pods-WeatherLikeHereTests.release.xcconfig"; path = "Target Support Files/Pods-WeatherLikeHereTests/Pods-WeatherLikeHereTests.release.xcconfig"; sourceTree = "<group>"; };
		63B9E5F02BE98A62465ED050 /* Pods_WeatherLikeHereTests.framework */ = {isa = PBXFileReference; explicitFileType = wrapper.framework; includeInIndex = 0; path = Pods_WeatherLikeHereTests.framework; sourceTree = BUILT_PRODUCTS_DIR; };
		77BE04356AE634BD1EA171C2 /* Pods-WeatherLikeHereTests.debug.xcconfig */ = {isa = PBXFileReference; includeInIndex = 1; lastKnownFileType = text.xcconfig; name = "Pods-WeatherLikeHereTests.debug.xcconfig"; path = "Target Support Files/Pods-WeatherLikeHereTests/Pods-WeatherLikeHereTests.debug.xcconfig"; sourceTree = "<group>"; };
		864A3AFE63D346AA90284491 /* Pods_WeatherLikeHere_WeatherLikeHereUITests.framework */ = {isa = PBXFileReference; explicitFileType = wrapper.framework; includeInIndex = 0; path = Pods_WeatherLikeHere_WeatherLikeHereUITests.framework; sourceTree = BUILT_PRODUCTS_DIR; };
		8C29D85854FAF359E5D2755C /* Pods-WeatherLikeHere-WeatherLikeHereUITests.debug.xcconfig */ = {isa = PBXFileReference; includeInIndex = 1; lastKnownFileType = text.xcconfig; name = "Pods-WeatherLikeHere-WeatherLikeHereUITests.debug.xcconfig"; path = "Target Support Files/Pods-WeatherLikeHere-WeatherLikeHereUITests/Pods-WeatherLikeHere-WeatherLikeHereUITests.debug.xcconfig"; sourceTree = "<group>"; };
		A9D3D785A4B1C1242905BA44 /* Pods-WeatherLikeHere-WeatherLikeHereUITests.release.xcconfig */ = {isa = PBXFileReference; includeInIndex = 1; lastKnownFileType = text.xcconfig; name = "Pods-WeatherLikeHere-WeatherLikeHereUITests.release.xcconfig"; path = "Target Support Files/Pods-WeatherLikeHere-WeatherLikeHereUITests/Pods-WeatherLikeHere-WeatherLikeHereUITests.release.xcconfig"; sourceTree = "<group>"; };
		B782B58E6F7CA12E8C861B1B /* Pods-WeatherLikeHere.release.xcconfig */ = {isa = PBXFileReference; includeInIndex = 1; lastKnownFileType = text.xcconfig; name = "Pods-WeatherLikeHere.release.xcconfig"; path = "Target Support Files/Pods-WeatherLikeHere/Pods-WeatherLikeHere.release.xcconfig"; sourceTree = "<group>"; };
		F315806D8DF8D365F6FFC7EB /* Pods-WeatherLikeHere.debug.xcconfig */ = {isa = PBXFileReference; includeInIndex = 1; lastKnownFileType = text.xcconfig; name = "Pods-WeatherLikeHere.debug.xcconfig"; path = "Target Support Files/Pods-WeatherLikeHere/Pods-WeatherLikeHere.debug.xcconfig"; sourceTree = "<group>"; };
		FA34DDDE25A20C00004E1655 /* GoogleService-Info.plist */ = {isa = PBXFileReference; fileEncoding = 4; lastKnownFileType = text.plist.xml; path = "GoogleService-Info.plist"; sourceTree = "<group>"; };
		FA417C9225A04B790074BCB3 /* WeatherLikeHere.app */ = {isa = PBXFileReference; explicitFileType = wrapper.application; includeInIndex = 0; path = WeatherLikeHere.app; sourceTree = BUILT_PRODUCTS_DIR; };
		FA417C9525A04B790074BCB3 /* AppDelegate.swift */ = {isa = PBXFileReference; lastKnownFileType = sourcecode.swift; path = AppDelegate.swift; sourceTree = "<group>"; };
		FA417C9725A04B790074BCB3 /* SceneDelegate.swift */ = {isa = PBXFileReference; lastKnownFileType = sourcecode.swift; path = SceneDelegate.swift; sourceTree = "<group>"; };
		FA417C9925A04B790074BCB3 /* ViewController.swift */ = {isa = PBXFileReference; lastKnownFileType = sourcecode.swift; path = ViewController.swift; sourceTree = "<group>"; };
		FA417C9C25A04B790074BCB3 /* Base */ = {isa = PBXFileReference; lastKnownFileType = file.storyboard; name = Base; path = Base.lproj/Main.storyboard; sourceTree = "<group>"; };
		FA417C9F25A04B790074BCB3 /* WeatherLikeHere.xcdatamodel */ = {isa = PBXFileReference; lastKnownFileType = wrapper.xcdatamodel; path = WeatherLikeHere.xcdatamodel; sourceTree = "<group>"; };
		FA417CA125A04B7C0074BCB3 /* Assets.xcassets */ = {isa = PBXFileReference; lastKnownFileType = folder.assetcatalog; path = Assets.xcassets; sourceTree = "<group>"; };
		FA417CA425A04B7C0074BCB3 /* Base */ = {isa = PBXFileReference; lastKnownFileType = file.storyboard; name = Base; path = Base.lproj/LaunchScreen.storyboard; sourceTree = "<group>"; };
		FA417CA625A04B7C0074BCB3 /* Info.plist */ = {isa = PBXFileReference; lastKnownFileType = text.plist.xml; path = Info.plist; sourceTree = "<group>"; };
		FA417CAB25A04B7C0074BCB3 /* WeatherLikeHereTests.xctest */ = {isa = PBXFileReference; explicitFileType = wrapper.cfbundle; includeInIndex = 0; path = WeatherLikeHereTests.xctest; sourceTree = BUILT_PRODUCTS_DIR; };
		FA417CAF25A04B7C0074BCB3 /* WeatherLikeHereTests.swift */ = {isa = PBXFileReference; lastKnownFileType = sourcecode.swift; path = WeatherLikeHereTests.swift; sourceTree = "<group>"; };
		FA417CB125A04B7C0074BCB3 /* Info.plist */ = {isa = PBXFileReference; lastKnownFileType = text.plist.xml; path = Info.plist; sourceTree = "<group>"; };
		FA417CB625A04B7C0074BCB3 /* WeatherLikeHereUITests.xctest */ = {isa = PBXFileReference; explicitFileType = wrapper.cfbundle; includeInIndex = 0; path = WeatherLikeHereUITests.xctest; sourceTree = BUILT_PRODUCTS_DIR; };
		FA417CBA25A04B7C0074BCB3 /* WeatherLikeHereUITests.swift */ = {isa = PBXFileReference; lastKnownFileType = sourcecode.swift; path = WeatherLikeHereUITests.swift; sourceTree = "<group>"; };
		FA417CBC25A04B7C0074BCB3 /* Info.plist */ = {isa = PBXFileReference; lastKnownFileType = text.plist.xml; path = Info.plist; sourceTree = "<group>"; };
		FA417CCB25A04FE40074BCB3 /* image 1.png */ = {isa = PBXFileReference; lastKnownFileType = image.png; path = "image 1.png"; sourceTree = "<group>"; };
		FA417CD925A05E1A0074BCB3 /* Настройки.png */ = {isa = PBXFileReference; lastKnownFileType = image.png; path = "Настройки.png"; sourceTree = "<group>"; };
		FA417CE125A05FC10074BCB3 /* IMG_20200531_195331.jpg */ = {isa = PBXFileReference; lastKnownFileType = image.jpeg; path = IMG_20200531_195331.jpg; sourceTree = "<group>"; };
		FA417CE625A084C30074BCB3 /* Add button.png */ = {isa = PBXFileReference; lastKnownFileType = image.png; path = "Add button.png"; sourceTree = "<group>"; };
		FA97E1DC25A1C07300CDC4A0 /* Настройки2.png */ = {isa = PBXFileReference; lastKnownFileType = image.png; path = "Настройки2.png"; sourceTree = "<group>"; };
		FA97E1E125A1C0A300CDC4A0 /* Настройки3.png */ = {isa = PBXFileReference; lastKnownFileType = image.png; path = "Настройки3.png"; sourceTree = "<group>"; };
		FAF0056E25C32AFC00F79AA6 /* Weather.swift */ = {isa = PBXFileReference; fileEncoding = 4; lastKnownFileType = sourcecode.swift; path = Weather.swift; sourceTree = "<group>"; };
		FAF0056F25C32AFD00F79AA6 /* WeatherMain.swift */ = {isa = PBXFileReference; fileEncoding = 4; lastKnownFileType = sourcecode.swift; path = WeatherMain.swift; sourceTree = "<group>"; };
		FAF0057525C32B2E00F79AA6 /* RequestManager.swift */ = {isa = PBXFileReference; fileEncoding = 4; lastKnownFileType = sourcecode.swift; path = RequestManager.swift; sourceTree = "<group>"; };
		FAF005BB25C4424300F79AA6 /* WeatherWeather.swift */ = {isa = PBXFileReference; lastKnownFileType = sourcecode.swift; path = WeatherWeather.swift; sourceTree = "<group>"; };
		FAF005E625DD9D0600F79AA6 /* SetupViewController.swift */ = {isa = PBXFileReference; lastKnownFileType = sourcecode.swift; path = SetupViewController.swift; sourceTree = "<group>"; };
/* End PBXFileReference section */

/* Begin PBXFrameworksBuildPhase section */
		FA417C8F25A04B790074BCB3 /* Frameworks */ = {
			isa = PBXFrameworksBuildPhase;
			buildActionMask = 2147483647;
			files = (
				C52D46E0ABB2F435FC19EE11 /* Pods_WeatherLikeHere.framework in Frameworks */,
			);
			runOnlyForDeploymentPostprocessing = 0;
		};
		FA417CA825A04B7C0074BCB3 /* Frameworks */ = {
			isa = PBXFrameworksBuildPhase;
			buildActionMask = 2147483647;
			files = (
				0B881E4CD577D833A69FA445 /* Pods_WeatherLikeHereTests.framework in Frameworks */,
			);
			runOnlyForDeploymentPostprocessing = 0;
		};
		FA417CB325A04B7C0074BCB3 /* Frameworks */ = {
			isa = PBXFrameworksBuildPhase;
			buildActionMask = 2147483647;
			files = (
				DF647FFAB7E55246A1D98D6C /* Pods_WeatherLikeHere_WeatherLikeHereUITests.framework in Frameworks */,
			);
			runOnlyForDeploymentPostprocessing = 0;
		};
/* End PBXFrameworksBuildPhase section */

/* Begin PBXGroup section */
		1D0B64708D428ABFE3487C77 /* Frameworks */ = {
			isa = PBXGroup;
			children = (
				05BAD9B46F7D6D48D23DF366 /* Pods_WeatherLikeHere.framework */,
				864A3AFE63D346AA90284491 /* Pods_WeatherLikeHere_WeatherLikeHereUITests.framework */,
				63B9E5F02BE98A62465ED050 /* Pods_WeatherLikeHereTests.framework */,
			);
			name = Frameworks;
			sourceTree = "<group>";
		};
		638247E9D020C0AA81BB192D /* Pods */ = {
			isa = PBXGroup;
			children = (
				F315806D8DF8D365F6FFC7EB /* Pods-WeatherLikeHere.debug.xcconfig */,
				B782B58E6F7CA12E8C861B1B /* Pods-WeatherLikeHere.release.xcconfig */,
				8C29D85854FAF359E5D2755C /* Pods-WeatherLikeHere-WeatherLikeHereUITests.debug.xcconfig */,
				A9D3D785A4B1C1242905BA44 /* Pods-WeatherLikeHere-WeatherLikeHereUITests.release.xcconfig */,
				77BE04356AE634BD1EA171C2 /* Pods-WeatherLikeHereTests.debug.xcconfig */,
				0A639099746FE407C86B4537 /* Pods-WeatherLikeHereTests.release.xcconfig */,
			);
			path = Pods;
			sourceTree = "<group>";
		};
		FA417C8925A04B790074BCB3 = {
			isa = PBXGroup;
			children = (
				FA417C9425A04B790074BCB3 /* WeatherLikeHere */,
				FA417CAE25A04B7C0074BCB3 /* WeatherLikeHereTests */,
				FA417CB925A04B7C0074BCB3 /* WeatherLikeHereUITests */,
				FA417C9325A04B790074BCB3 /* Products */,
				638247E9D020C0AA81BB192D /* Pods */,
				1D0B64708D428ABFE3487C77 /* Frameworks */,
			);
			sourceTree = "<group>";
		};
		FA417C9325A04B790074BCB3 /* Products */ = {
			isa = PBXGroup;
			children = (
				FA417C9225A04B790074BCB3 /* WeatherLikeHere.app */,
				FA417CAB25A04B7C0074BCB3 /* WeatherLikeHereTests.xctest */,
				FA417CB625A04B7C0074BCB3 /* WeatherLikeHereUITests.xctest */,
			);
			name = Products;
			sourceTree = "<group>";
		};
		FA417C9425A04B790074BCB3 /* WeatherLikeHere */ = {
			isa = PBXGroup;
			children = (
				FAF0056A25C32A7B00F79AA6 /* Models */,
				FA417CD025A04FF50074BCB3 /* Image */,
				FA417C9525A04B790074BCB3 /* AppDelegate.swift */,
				FA417C9725A04B790074BCB3 /* SceneDelegate.swift */,
				FA417C9925A04B790074BCB3 /* ViewController.swift */,
				FA417C9B25A04B790074BCB3 /* Main.storyboard */,
				FAF005E625DD9D0600F79AA6 /* SetupViewController.swift */,
				FA417CA125A04B7C0074BCB3 /* Assets.xcassets */,
				FA34DDDE25A20C00004E1655 /* GoogleService-Info.plist */,
				FA417CA325A04B7C0074BCB3 /* LaunchScreen.storyboard */,
				FA417CA625A04B7C0074BCB3 /* Info.plist */,
				FA417C9E25A04B790074BCB3 /* WeatherLikeHere.xcdatamodeld */,
			);
			path = WeatherLikeHere;
			sourceTree = "<group>";
		};
		FA417CAE25A04B7C0074BCB3 /* WeatherLikeHereTests */ = {
			isa = PBXGroup;
			children = (
				FA417CAF25A04B7C0074BCB3 /* WeatherLikeHereTests.swift */,
				FA417CB125A04B7C0074BCB3 /* Info.plist */,
			);
			path = WeatherLikeHereTests;
			sourceTree = "<group>";
		};
		FA417CB925A04B7C0074BCB3 /* WeatherLikeHereUITests */ = {
			isa = PBXGroup;
			children = (
				FA417CBA25A04B7C0074BCB3 /* WeatherLikeHereUITests.swift */,
				FA417CBC25A04B7C0074BCB3 /* Info.plist */,
			);
			path = WeatherLikeHereUITests;
			sourceTree = "<group>";
		};
		FA417CD025A04FF50074BCB3 /* Image */ = {
			isa = PBXGroup;
			children = (
				FA417CE125A05FC10074BCB3 /* IMG_20200531_195331.jpg */,
				FA417CE625A084C30074BCB3 /* Add button.png */,
				FA97E1E125A1C0A300CDC4A0 /* Настройки3.png */,
				FA417CCB25A04FE40074BCB3 /* image 1.png */,
				FA97E1DC25A1C07300CDC4A0 /* Настройки2.png */,
				FA417CD925A05E1A0074BCB3 /* Настройки.png */,
			);
			path = Image;
			sourceTree = "<group>";
		};
		FAF0056A25C32A7B00F79AA6 /* Models */ = {
			isa = PBXGroup;
			children = (
				FAF0056C25C32A8F00F79AA6 /* Manager */,
				FAF0056B25C32A8500F79AA6 /* DataModels */,
			);
			path = Models;
			sourceTree = "<group>";
		};
		FAF0056B25C32A8500F79AA6 /* DataModels */ = {
			isa = PBXGroup;
			children = (
				FAF0056E25C32AFC00F79AA6 /* Weather.swift */,
				FAF0056F25C32AFD00F79AA6 /* WeatherMain.swift */,
				FAF005BB25C4424300F79AA6 /* WeatherWeather.swift */,
			);
			path = DataModels;
			sourceTree = "<group>";
		};
		FAF0056C25C32A8F00F79AA6 /* Manager */ = {
			isa = PBXGroup;
			children = (
				FAF0056D25C32A9C00F79AA6 /* Request */,
			);
			path = Manager;
			sourceTree = "<group>";
		};
		FAF0056D25C32A9C00F79AA6 /* Request */ = {
			isa = PBXGroup;
			children = (
				FAF0057525C32B2E00F79AA6 /* RequestManager.swift */,
			);
			path = Request;
			sourceTree = "<group>";
		};
/* End PBXGroup section */

/* Begin PBXNativeTarget section */
		FA417C9125A04B790074BCB3 /* WeatherLikeHere */ = {
			isa = PBXNativeTarget;
			buildConfigurationList = FA417CBF25A04B7C0074BCB3 /* Build configuration list for PBXNativeTarget "WeatherLikeHere" */;
			buildPhases = (
				28645AF2A1096EDEEB419420 /* [CP] Check Pods Manifest.lock */,
				FA417C8E25A04B790074BCB3 /* Sources */,
				FA417C8F25A04B790074BCB3 /* Frameworks */,
				FA417C9025A04B790074BCB3 /* Resources */,
				E2DE83883785D4E9322A14A2 /* [CP] Embed Pods Frameworks */,
			);
			buildRules = (
			);
			dependencies = (
			);
			name = WeatherLikeHere;
			productName = WeatherLikeHere;
			productReference = FA417C9225A04B790074BCB3 /* WeatherLikeHere.app */;
			productType = "com.apple.product-type.application";
		};
		FA417CAA25A04B7C0074BCB3 /* WeatherLikeHereTests */ = {
			isa = PBXNativeTarget;
			buildConfigurationList = FA417CC225A04B7C0074BCB3 /* Build configuration list for PBXNativeTarget "WeatherLikeHereTests" */;
			buildPhases = (
				351982F97FAB261D0336FF02 /* [CP] Check Pods Manifest.lock */,
				FA417CA725A04B7C0074BCB3 /* Sources */,
				FA417CA825A04B7C0074BCB3 /* Frameworks */,
				FA417CA925A04B7C0074BCB3 /* Resources */,
			);
			buildRules = (
			);
			dependencies = (
				FA417CAD25A04B7C0074BCB3 /* PBXTargetDependency */,
			);
			name = WeatherLikeHereTests;
			productName = WeatherLikeHereTests;
			productReference = FA417CAB25A04B7C0074BCB3 /* WeatherLikeHereTests.xctest */;
			productType = "com.apple.product-type.bundle.unit-test";
		};
		FA417CB525A04B7C0074BCB3 /* WeatherLikeHereUITests */ = {
			isa = PBXNativeTarget;
			buildConfigurationList = FA417CC525A04B7C0074BCB3 /* Build configuration list for PBXNativeTarget "WeatherLikeHereUITests" */;
			buildPhases = (
				7249835ACBFF56F98C784E3F /* [CP] Check Pods Manifest.lock */,
				FA417CB225A04B7C0074BCB3 /* Sources */,
				FA417CB325A04B7C0074BCB3 /* Frameworks */,
				FA417CB425A04B7C0074BCB3 /* Resources */,
				C475B879DEE071F413A111DB /* [CP] Embed Pods Frameworks */,
			);
			buildRules = (
			);
			dependencies = (
				FA417CB825A04B7C0074BCB3 /* PBXTargetDependency */,
			);
			name = WeatherLikeHereUITests;
			productName = WeatherLikeHereUITests;
			productReference = FA417CB625A04B7C0074BCB3 /* WeatherLikeHereUITests.xctest */;
			productType = "com.apple.product-type.bundle.ui-testing";
		};
/* End PBXNativeTarget section */

/* Begin PBXProject section */
		FA417C8A25A04B790074BCB3 /* Project object */ = {
			isa = PBXProject;
			attributes = {
				LastSwiftUpdateCheck = 1220;
				LastUpgradeCheck = 1220;
				TargetAttributes = {
					FA417C9125A04B790074BCB3 = {
						CreatedOnToolsVersion = 12.2;
					};
					FA417CAA25A04B7C0074BCB3 = {
						CreatedOnToolsVersion = 12.2;
						TestTargetID = FA417C9125A04B790074BCB3;
					};
					FA417CB525A04B7C0074BCB3 = {
						CreatedOnToolsVersion = 12.2;
						TestTargetID = FA417C9125A04B790074BCB3;
					};
				};
			};
			buildConfigurationList = FA417C8D25A04B790074BCB3 /* Build configuration list for PBXProject "WeatherLikeHere" */;
			compatibilityVersion = "Xcode 9.3";
			developmentRegion = en;
			hasScannedForEncodings = 0;
			knownRegions = (
				en,
				Base,
			);
			mainGroup = FA417C8925A04B790074BCB3;
			productRefGroup = FA417C9325A04B790074BCB3 /* Products */;
			projectDirPath = "";
			projectRoot = "";
			targets = (
				FA417C9125A04B790074BCB3 /* WeatherLikeHere */,
				FA417CAA25A04B7C0074BCB3 /* WeatherLikeHereTests */,
				FA417CB525A04B7C0074BCB3 /* WeatherLikeHereUITests */,
			);
		};
/* End PBXProject section */

/* Begin PBXResourcesBuildPhase section */
		FA417C9025A04B790074BCB3 /* Resources */ = {
			isa = PBXResourcesBuildPhase;
			buildActionMask = 2147483647;
			files = (
				FA417CA525A04B7C0074BCB3 /* LaunchScreen.storyboard in Resources */,
				FA417CE725A084C30074BCB3 /* Add button.png in Resources */,
				FA97E1DD25A1C07300CDC4A0 /* Настройки2.png in Resources */,
				FA97E1E225A1C0A300CDC4A0 /* Настройки3.png in Resources */,
				FA417CDA25A05E1A0074BCB3 /* Настройки.png in Resources */,
				FA417CA225A04B7C0074BCB3 /* Assets.xcassets in Resources */,
				FA417CCC25A04FE40074BCB3 /* image 1.png in Resources */,
				FA34DDDF25A20C00004E1655 /* GoogleService-Info.plist in Resources */,
				FA417CE225A05FC10074BCB3 /* IMG_20200531_195331.jpg in Resources */,
				FA417C9D25A04B790074BCB3 /* Main.storyboard in Resources */,
			);
			runOnlyForDeploymentPostprocessing = 0;
		};
		FA417CA925A04B7C0074BCB3 /* Resources */ = {
			isa = PBXResourcesBuildPhase;
			buildActionMask = 2147483647;
			files = (
			);
			runOnlyForDeploymentPostprocessing = 0;
		};
		FA417CB425A04B7C0074BCB3 /* Resources */ = {
			isa = PBXResourcesBuildPhase;
			buildActionMask = 2147483647;
			files = (
			);
			runOnlyForDeploymentPostprocessing = 0;
		};
/* End PBXResourcesBuildPhase section */

/* Begin PBXShellScriptBuildPhase section */
		28645AF2A1096EDEEB419420 /* [CP] Check Pods Manifest.lock */ = {
			isa = PBXShellScriptBuildPhase;
			buildActionMask = 2147483647;
			files = (
			);
			inputFileListPaths = (
			);
			inputPaths = (
				"${PODS_PODFILE_DIR_PATH}/Podfile.lock",
				"${PODS_ROOT}/Manifest.lock",
			);
			name = "[CP] Check Pods Manifest.lock";
			outputFileListPaths = (
			);
			outputPaths = (
				"$(DERIVED_FILE_DIR)/Pods-WeatherLikeHere-checkManifestLockResult.txt",
			);
			runOnlyForDeploymentPostprocessing = 0;
			shellPath = /bin/sh;
			shellScript = "diff \"${PODS_PODFILE_DIR_PATH}/Podfile.lock\" \"${PODS_ROOT}/Manifest.lock\" > /dev/null\nif [ $? != 0 ] ; then\n    # print error to STDERR\n    echo \"error: The sandbox is not in sync with the Podfile.lock. Run 'pod install' or update your CocoaPods installation.\" >&2\n    exit 1\nfi\n# This output is used by Xcode 'outputs' to avoid re-running this script phase.\necho \"SUCCESS\" > \"${SCRIPT_OUTPUT_FILE_0}\"\n";
			showEnvVarsInLog = 0;
		};
		351982F97FAB261D0336FF02 /* [CP] Check Pods Manifest.lock */ = {
			isa = PBXShellScriptBuildPhase;
			buildActionMask = 2147483647;
			files = (
			);
			inputFileListPaths = (
			);
			inputPaths = (
				"${PODS_PODFILE_DIR_PATH}/Podfile.lock",
				"${PODS_ROOT}/Manifest.lock",
			);
			name = "[CP] Check Pods Manifest.lock";
			outputFileListPaths = (
			);
			outputPaths = (
				"$(DERIVED_FILE_DIR)/Pods-WeatherLikeHereTests-checkManifestLockResult.txt",
			);
			runOnlyForDeploymentPostprocessing = 0;
			shellPath = /bin/sh;
			shellScript = "diff \"${PODS_PODFILE_DIR_PATH}/Podfile.lock\" \"${PODS_ROOT}/Manifest.lock\" > /dev/null\nif [ $? != 0 ] ; then\n    # print error to STDERR\n    echo \"error: The sandbox is not in sync with the Podfile.lock. Run 'pod install' or update your CocoaPods installation.\" >&2\n    exit 1\nfi\n# This output is used by Xcode 'outputs' to avoid re-running this script phase.\necho \"SUCCESS\" > \"${SCRIPT_OUTPUT_FILE_0}\"\n";
			showEnvVarsInLog = 0;
		};
		7249835ACBFF56F98C784E3F /* [CP] Check Pods Manifest.lock */ = {
			isa = PBXShellScriptBuildPhase;
			buildActionMask = 2147483647;
			files = (
			);
			inputFileListPaths = (
			);
			inputPaths = (
				"${PODS_PODFILE_DIR_PATH}/Podfile.lock",
				"${PODS_ROOT}/Manifest.lock",
			);
			name = "[CP] Check Pods Manifest.lock";
			outputFileListPaths = (
			);
			outputPaths = (
				"$(DERIVED_FILE_DIR)/Pods-WeatherLikeHere-WeatherLikeHereUITests-checkManifestLockResult.txt",
			);
			runOnlyForDeploymentPostprocessing = 0;
			shellPath = /bin/sh;
			shellScript = "diff \"${PODS_PODFILE_DIR_PATH}/Podfile.lock\" \"${PODS_ROOT}/Manifest.lock\" > /dev/null\nif [ $? != 0 ] ; then\n    # print error to STDERR\n    echo \"error: The sandbox is not in sync with the Podfile.lock. Run 'pod install' or update your CocoaPods installation.\" >&2\n    exit 1\nfi\n# This output is used by Xcode 'outputs' to avoid re-running this script phase.\necho \"SUCCESS\" > \"${SCRIPT_OUTPUT_FILE_0}\"\n";
			showEnvVarsInLog = 0;
		};
		C475B879DEE071F413A111DB /* [CP] Embed Pods Frameworks */ = {
			isa = PBXShellScriptBuildPhase;
			buildActionMask = 2147483647;
			files = (
			);
			inputFileListPaths = (
				"${PODS_ROOT}/Target Support Files/Pods-WeatherLikeHere-WeatherLikeHereUITests/Pods-WeatherLikeHere-WeatherLikeHereUITests-frameworks-${CONFIGURATION}-input-files.xcfilelist",
			);
			name = "[CP] Embed Pods Frameworks";
			outputFileListPaths = (
				"${PODS_ROOT}/Target Support Files/Pods-WeatherLikeHere-WeatherLikeHereUITests/Pods-WeatherLikeHere-WeatherLikeHereUITests-frameworks-${CONFIGURATION}-output-files.xcfilelist",
			);
			runOnlyForDeploymentPostprocessing = 0;
			shellPath = /bin/sh;
			shellScript = "\"${PODS_ROOT}/Target Support Files/Pods-WeatherLikeHere-WeatherLikeHereUITests/Pods-WeatherLikeHere-WeatherLikeHereUITests-frameworks.sh\"\n";
			showEnvVarsInLog = 0;
		};
		E2DE83883785D4E9322A14A2 /* [CP] Embed Pods Frameworks */ = {
			isa = PBXShellScriptBuildPhase;
			buildActionMask = 2147483647;
			files = (
			);
			inputFileListPaths = (
				"${PODS_ROOT}/Target Support Files/Pods-WeatherLikeHere/Pods-WeatherLikeHere-frameworks-${CONFIGURATION}-input-files.xcfilelist",
			);
			name = "[CP] Embed Pods Frameworks";
			outputFileListPaths = (
				"${PODS_ROOT}/Target Support Files/Pods-WeatherLikeHere/Pods-WeatherLikeHere-frameworks-${CONFIGURATION}-output-files.xcfilelist",
			);
			runOnlyForDeploymentPostprocessing = 0;
			shellPath = /bin/sh;
			shellScript = "\"${PODS_ROOT}/Target Support Files/Pods-WeatherLikeHere/Pods-WeatherLikeHere-frameworks.sh\"\n";
			showEnvVarsInLog = 0;
		};
/* End PBXShellScriptBuildPhase section */

/* Begin PBXSourcesBuildPhase section */
		FA417C8E25A04B790074BCB3 /* Sources */ = {
			isa = PBXSourcesBuildPhase;
			buildActionMask = 2147483647;
			files = (
				FA417C9A25A04B790074BCB3 /* ViewController.swift in Sources */,
				FA417CA025A04B790074BCB3 /* WeatherLikeHere.xcdatamodeld in Sources */,
				FA417C9625A04B790074BCB3 /* AppDelegate.swift in Sources */,
				FAF0057125C32AFD00F79AA6 /* WeatherMain.swift in Sources */,
				FAF0057625C32B2E00F79AA6 /* RequestManager.swift in Sources */,
				FA417C9825A04B790074BCB3 /* SceneDelegate.swift in Sources */,
				FAF0057025C32AFD00F79AA6 /* Weather.swift in Sources */,
				FAF005E725DD9D0700F79AA6 /* SetupViewController.swift in Sources */,
				FAF005BC25C4424300F79AA6 /* WeatherWeather.swift in Sources */,
			);
			runOnlyForDeploymentPostprocessing = 0;
		};
		FA417CA725A04B7C0074BCB3 /* Sources */ = {
			isa = PBXSourcesBuildPhase;
			buildActionMask = 2147483647;
			files = (
				FA417CB025A04B7C0074BCB3 /* WeatherLikeHereTests.swift in Sources */,
			);
			runOnlyForDeploymentPostprocessing = 0;
		};
		FA417CB225A04B7C0074BCB3 /* Sources */ = {
			isa = PBXSourcesBuildPhase;
			buildActionMask = 2147483647;
			files = (
				FA417CBB25A04B7C0074BCB3 /* WeatherLikeHereUITests.swift in Sources */,
			);
			runOnlyForDeploymentPostprocessing = 0;
		};
/* End PBXSourcesBuildPhase section */

/* Begin PBXTargetDependency section */
		FA417CAD25A04B7C0074BCB3 /* PBXTargetDependency */ = {
			isa = PBXTargetDependency;
			target = FA417C9125A04B790074BCB3 /* WeatherLikeHere */;
			targetProxy = FA417CAC25A04B7C0074BCB3 /* PBXContainerItemProxy */;
		};
		FA417CB825A04B7C0074BCB3 /* PBXTargetDependency */ = {
			isa = PBXTargetDependency;
			target = FA417C9125A04B790074BCB3 /* WeatherLikeHere */;
			targetProxy = FA417CB725A04B7C0074BCB3 /* PBXContainerItemProxy */;
		};
/* End PBXTargetDependency section */

/* Begin PBXVariantGroup section */
		FA417C9B25A04B790074BCB3 /* Main.storyboard */ = {
			isa = PBXVariantGroup;
			children = (
				FA417C9C25A04B790074BCB3 /* Base */,
			);
			name = Main.storyboard;
			sourceTree = "<group>";
		};
		FA417CA325A04B7C0074BCB3 /* LaunchScreen.storyboard */ = {
			isa = PBXVariantGroup;
			children = (
				FA417CA425A04B7C0074BCB3 /* Base */,
			);
			name = LaunchScreen.storyboard;
			sourceTree = "<group>";
		};
/* End PBXVariantGroup section */

/* Begin XCBuildConfiguration section */
		FA417CBD25A04B7C0074BCB3 /* Debug */ = {
			isa = XCBuildConfiguration;
			buildSettings = {
				ALWAYS_SEARCH_USER_PATHS = NO;
				CLANG_ANALYZER_NONNULL = YES;
				CLANG_ANALYZER_NUMBER_OBJECT_CONVERSION = YES_AGGRESSIVE;
				CLANG_CXX_LANGUAGE_STANDARD = "gnu++14";
				CLANG_CXX_LIBRARY = "libc++";
				CLANG_ENABLE_MODULES = YES;
				CLANG_ENABLE_OBJC_ARC = YES;
				CLANG_ENABLE_OBJC_WEAK = YES;
				CLANG_WARN_BLOCK_CAPTURE_AUTORELEASING = YES;
				CLANG_WARN_BOOL_CONVERSION = YES;
				CLANG_WARN_COMMA = YES;
				CLANG_WARN_CONSTANT_CONVERSION = YES;
				CLANG_WARN_DEPRECATED_OBJC_IMPLEMENTATIONS = YES;
				CLANG_WARN_DIRECT_OBJC_ISA_USAGE = YES_ERROR;
				CLANG_WARN_DOCUMENTATION_COMMENTS = YES;
				CLANG_WARN_EMPTY_BODY = YES;
				CLANG_WARN_ENUM_CONVERSION = YES;
				CLANG_WARN_INFINITE_RECURSION = YES;
				CLANG_WARN_INT_CONVERSION = YES;
				CLANG_WARN_NON_LITERAL_NULL_CONVERSION = YES;
				CLANG_WARN_OBJC_IMPLICIT_RETAIN_SELF = YES;
				CLANG_WARN_OBJC_LITERAL_CONVERSION = YES;
				CLANG_WARN_OBJC_ROOT_CLASS = YES_ERROR;
				CLANG_WARN_QUOTED_INCLUDE_IN_FRAMEWORK_HEADER = YES;
				CLANG_WARN_RANGE_LOOP_ANALYSIS = YES;
				CLANG_WARN_STRICT_PROTOTYPES = YES;
				CLANG_WARN_SUSPICIOUS_MOVE = YES;
				CLANG_WARN_UNGUARDED_AVAILABILITY = YES_AGGRESSIVE;
				CLANG_WARN_UNREACHABLE_CODE = YES;
				CLANG_WARN__DUPLICATE_METHOD_MATCH = YES;
				COPY_PHASE_STRIP = NO;
				DEBUG_INFORMATION_FORMAT = dwarf;
				ENABLE_STRICT_OBJC_MSGSEND = YES;
				ENABLE_TESTABILITY = YES;
				GCC_C_LANGUAGE_STANDARD = gnu11;
				GCC_DYNAMIC_NO_PIC = NO;
				GCC_NO_COMMON_BLOCKS = YES;
				GCC_OPTIMIZATION_LEVEL = 0;
				GCC_PREPROCESSOR_DEFINITIONS = (
					"DEBUG=1",
					"$(inherited)",
				);
				GCC_WARN_64_TO_32_BIT_CONVERSION = YES;
				GCC_WARN_ABOUT_RETURN_TYPE = YES_ERROR;
				GCC_WARN_UNDECLARED_SELECTOR = YES;
				GCC_WARN_UNINITIALIZED_AUTOS = YES_AGGRESSIVE;
				GCC_WARN_UNUSED_FUNCTION = YES;
				GCC_WARN_UNUSED_VARIABLE = YES;
				IPHONEOS_DEPLOYMENT_TARGET = 14.2;
				MTL_ENABLE_DEBUG_INFO = INCLUDE_SOURCE;
				MTL_FAST_MATH = YES;
				ONLY_ACTIVE_ARCH = YES;
				SDKROOT = iphoneos;
				SWIFT_ACTIVE_COMPILATION_CONDITIONS = DEBUG;
				SWIFT_OPTIMIZATION_LEVEL = "-Onone";
			};
			name = Debug;
		};
		FA417CBE25A04B7C0074BCB3 /* Release */ = {
			isa = XCBuildConfiguration;
			buildSettings = {
				ALWAYS_SEARCH_USER_PATHS = NO;
				CLANG_ANALYZER_NONNULL = YES;
				CLANG_ANALYZER_NUMBER_OBJECT_CONVERSION = YES_AGGRESSIVE;
				CLANG_CXX_LANGUAGE_STANDARD = "gnu++14";
				CLANG_CXX_LIBRARY = "libc++";
				CLANG_ENABLE_MODULES = YES;
				CLANG_ENABLE_OBJC_ARC = YES;
				CLANG_ENABLE_OBJC_WEAK = YES;
				CLANG_WARN_BLOCK_CAPTURE_AUTORELEASING = YES;
				CLANG_WARN_BOOL_CONVERSION = YES;
				CLANG_WARN_COMMA = YES;
				CLANG_WARN_CONSTANT_CONVERSION = YES;
				CLANG_WARN_DEPRECATED_OBJC_IMPLEMENTATIONS = YES;
				CLANG_WARN_DIRECT_OBJC_ISA_USAGE = YES_ERROR;
				CLANG_WARN_DOCUMENTATION_COMMENTS = YES;
				CLANG_WARN_EMPTY_BODY = YES;
				CLANG_WARN_ENUM_CONVERSION = YES;
				CLANG_WARN_INFINITE_RECURSION = YES;
				CLANG_WARN_INT_CONVERSION = YES;
				CLANG_WARN_NON_LITERAL_NULL_CONVERSION = YES;
				CLANG_WARN_OBJC_IMPLICIT_RETAIN_SELF = YES;
				CLANG_WARN_OBJC_LITERAL_CONVERSION = YES;
				CLANG_WARN_OBJC_ROOT_CLASS = YES_ERROR;
				CLANG_WARN_QUOTED_INCLUDE_IN_FRAMEWORK_HEADER = YES;
				CLANG_WARN_RANGE_LOOP_ANALYSIS = YES;
				CLANG_WARN_STRICT_PROTOTYPES = YES;
				CLANG_WARN_SUSPICIOUS_MOVE = YES;
				CLANG_WARN_UNGUARDED_AVAILABILITY = YES_AGGRESSIVE;
				CLANG_WARN_UNREACHABLE_CODE = YES;
				CLANG_WARN__DUPLICATE_METHOD_MATCH = YES;
				COPY_PHASE_STRIP = NO;
				DEBUG_INFORMATION_FORMAT = "dwarf-with-dsym";
				ENABLE_NS_ASSERTIONS = NO;
				ENABLE_STRICT_OBJC_MSGSEND = YES;
				GCC_C_LANGUAGE_STANDARD = gnu11;
				GCC_NO_COMMON_BLOCKS = YES;
				GCC_WARN_64_TO_32_BIT_CONVERSION = YES;
				GCC_WARN_ABOUT_RETURN_TYPE = YES_ERROR;
				GCC_WARN_UNDECLARED_SELECTOR = YES;
				GCC_WARN_UNINITIALIZED_AUTOS = YES_AGGRESSIVE;
				GCC_WARN_UNUSED_FUNCTION = YES;
				GCC_WARN_UNUSED_VARIABLE = YES;
				IPHONEOS_DEPLOYMENT_TARGET = 14.2;
				MTL_ENABLE_DEBUG_INFO = NO;
				MTL_FAST_MATH = YES;
				SDKROOT = iphoneos;
				SWIFT_COMPILATION_MODE = wholemodule;
				SWIFT_OPTIMIZATION_LEVEL = "-O";
				VALIDATE_PRODUCT = YES;
			};
			name = Release;
		};
		FA417CC025A04B7C0074BCB3 /* Debug */ = {
			isa = XCBuildConfiguration;
			baseConfigurationReference = F315806D8DF8D365F6FFC7EB /* Pods-WeatherLikeHere.debug.xcconfig */;
			buildSettings = {
				ASSETCATALOG_COMPILER_APPICON_NAME = AppIcon;
				ASSETCATALOG_COMPILER_GLOBAL_ACCENT_COLOR_NAME = AccentColor;
				CODE_SIGN_STYLE = Automatic;
				DEVELOPMENT_TEAM = 46DNV785YC;
				INFOPLIST_FILE = WeatherLikeHere/Info.plist;
				IPHONEOS_DEPLOYMENT_TARGET = 13.5;
				LD_RUNPATH_SEARCH_PATHS = (
					"$(inherited)",
					"@executable_path/Frameworks",
				);
				PRODUCT_BUNDLE_IDENTIFIER = com.ArtemBazhanov.WeatherLikeHere;
				PRODUCT_NAME = "$(TARGET_NAME)";
				SWIFT_VERSION = 5.0;
				TARGETED_DEVICE_FAMILY = "1,2";
			};
			name = Debug;
		};
		FA417CC125A04B7C0074BCB3 /* Release */ = {
			isa = XCBuildConfiguration;
			baseConfigurationReference = B782B58E6F7CA12E8C861B1B /* Pods-WeatherLikeHere.release.xcconfig */;
			buildSettings = {
				ASSETCATALOG_COMPILER_APPICON_NAME = AppIcon;
				ASSETCATALOG_COMPILER_GLOBAL_ACCENT_COLOR_NAME = AccentColor;
				CODE_SIGN_STYLE = Automatic;
				DEVELOPMENT_TEAM = 46DNV785YC;
				INFOPLIST_FILE = WeatherLikeHere/Info.plist;
				IPHONEOS_DEPLOYMENT_TARGET = 13.5;
				LD_RUNPATH_SEARCH_PATHS = (
					"$(inherited)",
					"@executable_path/Frameworks",
				);
				PRODUCT_BUNDLE_IDENTIFIER = com.ArtemBazhanov.WeatherLikeHere;
				PRODUCT_NAME = "$(TARGET_NAME)";
				SWIFT_VERSION = 5.0;
				TARGETED_DEVICE_FAMILY = "1,2";
			};
			name = Release;
		};
		FA417CC325A04B7C0074BCB3 /* Debug */ = {
			isa = XCBuildConfiguration;
			baseConfigurationReference = 77BE04356AE634BD1EA171C2 /* Pods-WeatherLikeHereTests.debug.xcconfig */;
			buildSettings = {
				ALWAYS_EMBED_SWIFT_STANDARD_LIBRARIES = YES;
				BUNDLE_LOADER = "$(TEST_HOST)";
				CODE_SIGN_STYLE = Automatic;
				DEVELOPMENT_TEAM = R242LK7DMS;
				INFOPLIST_FILE = WeatherLikeHereTests/Info.plist;
				IPHONEOS_DEPLOYMENT_TARGET = 14.2;
				LD_RUNPATH_SEARCH_PATHS = (
					"$(inherited)",
					"@executable_path/Frameworks",
					"@loader_path/Frameworks",
				);
				PRODUCT_BUNDLE_IDENTIFIER = ArtemBazhanov.WeatherLikeHereTests;
				PRODUCT_NAME = "$(TARGET_NAME)";
				SWIFT_VERSION = 5.0;
				TARGETED_DEVICE_FAMILY = "1,2";
				TEST_HOST = "$(BUILT_PRODUCTS_DIR)/WeatherLikeHere.app/WeatherLikeHere";
			};
			name = Debug;
		};
		FA417CC425A04B7C0074BCB3 /* Release */ = {
			isa = XCBuildConfiguration;
			baseConfigurationReference = 0A639099746FE407C86B4537 /* Pods-WeatherLikeHereTests.release.xcconfig */;
			buildSettings = {
				ALWAYS_EMBED_SWIFT_STANDARD_LIBRARIES = YES;
				BUNDLE_LOADER = "$(TEST_HOST)";
				CODE_SIGN_STYLE = Automatic;
				DEVELOPMENT_TEAM = R242LK7DMS;
				INFOPLIST_FILE = WeatherLikeHereTests/Info.plist;
				IPHONEOS_DEPLOYMENT_TARGET = 14.2;
				LD_RUNPATH_SEARCH_PATHS = (
					"$(inherited)",
					"@executable_path/Frameworks",
					"@loader_path/Frameworks",
				);
				PRODUCT_BUNDLE_IDENTIFIER = ArtemBazhanov.WeatherLikeHereTests;
				PRODUCT_NAME = "$(TARGET_NAME)";
				SWIFT_VERSION = 5.0;
				TARGETED_DEVICE_FAMILY = "1,2";
				TEST_HOST = "$(BUILT_PRODUCTS_DIR)/WeatherLikeHere.app/WeatherLikeHere";
			};
			name = Release;
		};
		FA417CC625A04B7C0074BCB3 /* Debug */ = {
			isa = XCBuildConfiguration;
			baseConfigurationReference = 8C29D85854FAF359E5D2755C /* Pods-WeatherLikeHere-WeatherLikeHereUITests.debug.xcconfig */;
			buildSettings = {
				ALWAYS_EMBED_SWIFT_STANDARD_LIBRARIES = YES;
				CODE_SIGN_STYLE = Automatic;
				DEVELOPMENT_TEAM = R242LK7DMS;
				INFOPLIST_FILE = WeatherLikeHereUITests/Info.plist;
				LD_RUNPATH_SEARCH_PATHS = (
					"$(inherited)",
					"@executable_path/Frameworks",
					"@loader_path/Frameworks",
				);
				PRODUCT_BUNDLE_IDENTIFIER = ArtemBazhanov.WeatherLikeHereUITests;
				PRODUCT_NAME = "$(TARGET_NAME)";
				SWIFT_VERSION = 5.0;
				TARGETED_DEVICE_FAMILY = "1,2";
				TEST_TARGET_NAME = WeatherLikeHere;
			};
			name = Debug;
		};
		FA417CC725A04B7C0074BCB3 /* Release */ = {
			isa = XCBuildConfiguration;
			baseConfigurationReference = A9D3D785A4B1C1242905BA44 /* Pods-WeatherLikeHere-WeatherLikeHereUITests.release.xcconfig */;
			buildSettings = {
				ALWAYS_EMBED_SWIFT_STANDARD_LIBRARIES = YES;
				CODE_SIGN_STYLE = Automatic;
				DEVELOPMENT_TEAM = R242LK7DMS;
				INFOPLIST_FILE = WeatherLikeHereUITests/Info.plist;
				LD_RUNPATH_SEARCH_PATHS = (
					"$(inherited)",
					"@executable_path/Frameworks",
					"@loader_path/Frameworks",
				);
				PRODUCT_BUNDLE_IDENTIFIER = ArtemBazhanov.WeatherLikeHereUITests;
				PRODUCT_NAME = "$(TARGET_NAME)";
				SWIFT_VERSION = 5.0;
				TARGETED_DEVICE_FAMILY = "1,2";
				TEST_TARGET_NAME = WeatherLikeHere;
			};
			name = Release;
		};
/* End XCBuildConfiguration section */

/* Begin XCConfigurationList section */
		FA417C8D25A04B790074BCB3 /* Build configuration list for PBXProject "WeatherLikeHere" */ = {
			isa = XCConfigurationList;
			buildConfigurations = (
				FA417CBD25A04B7C0074BCB3 /* Debug */,
				FA417CBE25A04B7C0074BCB3 /* Release */,
			);
			defaultConfigurationIsVisible = 0;
			defaultConfigurationName = Release;
		};
		FA417CBF25A04B7C0074BCB3 /* Build configuration list for PBXNativeTarget "WeatherLikeHere" */ = {
			isa = XCConfigurationList;
			buildConfigurations = (
				FA417CC025A04B7C0074BCB3 /* Debug */,
				FA417CC125A04B7C0074BCB3 /* Release */,
			);
			defaultConfigurationIsVisible = 0;
			defaultConfigurationName = Release;
		};
		FA417CC225A04B7C0074BCB3 /* Build configuration list for PBXNativeTarget "WeatherLikeHereTests" */ = {
			isa = XCConfigurationList;
			buildConfigurations = (
				FA417CC325A04B7C0074BCB3 /* Debug */,
				FA417CC425A04B7C0074BCB3 /* Release */,
			);
			defaultConfigurationIsVisible = 0;
			defaultConfigurationName = Release;
		};
		FA417CC525A04B7C0074BCB3 /* Build configuration list for PBXNativeTarget "WeatherLikeHereUITests" */ = {
			isa = XCConfigurationList;
			buildConfigurations = (
				FA417CC625A04B7C0074BCB3 /* Debug */,
				FA417CC725A04B7C0074BCB3 /* Release */,
			);
			defaultConfigurationIsVisible = 0;
			defaultConfigurationName = Release;
		};
/* End XCConfigurationList section */

/* Begin XCVersionGroup section */
		FA417C9E25A04B790074BCB3 /* WeatherLikeHere.xcdatamodeld */ = {
			isa = XCVersionGroup;
			children = (
				FA417C9F25A04B790074BCB3 /* WeatherLikeHere.xcdatamodel */,
			);
			currentVersion = FA417C9F25A04B790074BCB3 /* WeatherLikeHere.xcdatamodel */;
			path = WeatherLikeHere.xcdatamodeld;
			sourceTree = "<group>";
			versionGroupType = wrapper.xcdatamodel;
		};
/* End XCVersionGroup section */
	};
	rootObject = FA417C8A25A04B790074BCB3 /* Project object */;
}
